{
  "name": "uio-experiments",
  "version": "0.0.0",
  "lockfileVersion": 3,
  "requires": true,
  "packages": {
    "": {
      "name": "uio-experiments",
      "version": "0.0.0",
      "license": "BSD-3-Clause",
      "dependencies": {
        "@preact/signals": "^1.2.3",
        "preact": "^10.21.0"
      }
    },
    "node_modules/@preact/signals": {
      "version": "1.2.3",
      "resolved": "https://registry.npmjs.org/@preact/signals/-/signals-1.2.3.tgz",
      "integrity": "sha512-M2DXse3Wi8HwjI1d2vQWOLJ3lHogvqTsJYvl4ofXRXgMFQzJ7kmlZvlt5i8x5S5VwgZu0ghru4HkLqOoFfU2JQ==",
      "dependencies": {
        "@preact/signals-core": "^1.6.0"
      },
      "funding": {
        "type": "opencollective",
        "url": "https://opencollective.com/preact"
      },
      "peerDependencies": {
        "preact": "10.x"
      }
    },
    "node_modules/@preact/signals-core": {
      "version": "1.6.0",
      "resolved": "https://registry.npmjs.org/@preact/signals-core/-/signals-core-1.6.0.tgz",
      "integrity": "sha512-O/XGxwP85h1F7+ouqTMOIZ3+V1whfaV9ToIVcuyGriD4JkSD00cQo54BKdqjvBJxbenvp7ynfqRHEwI6e+NIhw==",
      "funding": {
        "type": "opencollective",
        "url": "https://opencollective.com/preact"
      }
    },
    "node_modules/preact": {
      "version": "10.21.0",
      "resolved": "https://registry.npmjs.org/preact/-/preact-10.21.0.tgz",
      "integrity": "sha512-aQAIxtzWEwH8ou+OovWVSVNlFImL7xUCwJX3YMqA3U8iKCNC34999fFOnWjYNsylgfPgMexpbk7WYOLtKr/mxg==",
      "funding": {
        "type": "opencollective",
        "url": "https://opencollective.com/preact"
      }
    }
  }
}
